
Microsoft Visual Studio Solution File, Format Version 12.00
# Visual Studio 15
VisualStudioVersion = 15.0.26124.0
MinimumVisualStudioVersion = 15.0.26124.0
Project("{FAE04EC0-301F-11D3-BF4B-00C04F79EFBC}") = "QuickBuy.Dominio", "QuickBuy.Dominio\QuickBuy.Dominio.csproj", "{891C6532-26F7-4B46-BC36-FBD9B7BC0FB5}"
EndProject
Project("{FAE04EC0-301F-11D3-BF4B-00C04F79EFBC}") = "QuickBuy.Repositorio", "QuickBuy.Repositorio\QuickBuy.Repositorio.csproj", "{051CF93A-AB6D-4E68-AC53-5F72AB2A16AA}"
EndProject
Project("{FAE04EC0-301F-11D3-BF4B-00C04F79EFBC}") = "QuickBuy.Web", "QuickBuy.Web\QuickBuy.Web.csproj", "{EFDACA09-AB34-4C71-B990-4811C141A6F2}"
EndProject
Global
	GlobalSection(SolutionConfigurationPlatforms) = preSolution
		Debug|Any CPU = Debug|Any CPU
		Debug|x64 = Debug|x64
		Debug|x86 = Debug|x86
		Release|Any CPU = Release|Any CPU
		Release|x64 = Release|x64
		Release|x86 = Release|x86
	EndGlobalSection
	GlobalSection(SolutionProperties) = preSolution
		HideSolutionNode = FALSE
	EndGlobalSection
	GlobalSection(ProjectConfigurationPlatforms) = postSolution
		{891C6532-26F7-4B46-BC36-FBD9B7BC0FB5}.Debug|Any CPU.ActiveCfg = Debug|Any CPU
		{891C6532-26F7-4B46-BC36-FBD9B7BC0FB5}.Debug|Any CPU.Build.0 = Debug|Any CPU
		{891C6532-26F7-4B46-BC36-FBD9B7BC0FB5}.Debug|x64.ActiveCfg = Debug|Any CPU
		{891C6532-26F7-4B46-BC36-FBD9B7BC0FB5}.Debug|x64.Build.0 = Debug|Any CPU
		{891C6532-26F7-4B46-BC36-FBD9B7BC0FB5}.Debug|x86.ActiveCfg = Debug|Any CPU
		{891C6532-26F7-4B46-BC36-FBD9B7BC0FB5}.Debug|x86.Build.0 = Debug|Any CPU
		{891C6532-26F7-4B46-BC36-FBD9B7BC0FB5}.Release|Any CPU.ActiveCfg = Release|Any CPU
		{891C6532-26F7-4B46-BC36-FBD9B7BC0FB5}.Release|Any CPU.Build.0 = Release|Any CPU
		{891C6532-26F7-4B46-BC36-FBD9B7BC0FB5}.Release|x64.ActiveCfg = Release|Any CPU
		{891C6532-26F7-4B46-BC36-FBD9B7BC0FB5}.Release|x64.Build.0 = Release|Any CPU
		{891C6532-26F7-4B46-BC36-FBD9B7BC0FB5}.Release|x86.ActiveCfg = Release|Any CPU
		{891C6532-26F7-4B46-BC36-FBD9B7BC0FB5}.Release|x86.Build.0 = Release|Any CPU
		{051CF93A-AB6D-4E68-AC53-5F72AB2A16AA}.Debug|Any CPU.ActiveCfg = Debug|Any CPU
		{051CF93A-AB6D-4E68-AC53-5F72AB2A16AA}.Debug|Any CPU.Build.0 = Debug|Any CPU
		{051CF93A-AB6D-4E68-AC53-5F72AB2A16AA}.Debug|x64.ActiveCfg = Debug|Any CPU
		{051CF93A-AB6D-4E68-AC53-5F72AB2A16AA}.Debug|x64.Build.0 = Debug|Any CPU
		{051CF93A-AB6D-4E68-AC53-5F72AB2A16AA}.Debug|x86.ActiveCfg = Debug|Any CPU
		{051CF93A-AB6D-4E68-AC53-5F72AB2A16AA}.Debug|x86.Build.0 = Debug|Any CPU
		{051CF93A-AB6D-4E68-AC53-5F72AB2A16AA}.Release|Any CPU.ActiveCfg = Release|Any CPU
		{051CF93A-AB6D-4E68-AC53-5F72AB2A16AA}.Release|Any CPU.Build.0 = Release|Any CPU
		{051CF93A-AB6D-4E68-AC53-5F72AB2A16AA}.Release|x64.ActiveCfg = Release|Any CPU
		{051CF93A-AB6D-4E68-AC53-5F72AB2A16AA}.Release|x64.Build.0 = Release|Any CPU
		{051CF93A-AB6D-4E68-AC53-5F72AB2A16AA}.Release|x86.ActiveCfg = Release|Any CPU
		{051CF93A-AB6D-4E68-AC53-5F72AB2A16AA}.Release|x86.Build.0 = Release|Any CPU
		{EFDACA09-AB34-4C71-B990-4811C141A6F2}.Debug|Any CPU.ActiveCfg = Debug|Any CPU
		{EFDACA09-AB34-4C71-B990-4811C141A6F2}.Debug|Any CPU.Build.0 = Debug|Any CPU
		{EFDACA09-AB34-4C71-B990-4811C141A6F2}.Debug|x64.ActiveCfg = Debug|Any CPU
		{EFDACA09-AB34-4C71-B990-4811C141A6F2}.Debug|x64.Build.0 = Debug|Any CPU
		{EFDACA09-AB34-4C71-B990-4811C141A6F2}.Debug|x86.ActiveCfg = Debug|Any CPU
		{EFDACA09-AB34-4C71-B990-4811C141A6F2}.Debug|x86.Build.0 = Debug|Any CPU
		{EFDACA09-AB34-4C71-B990-4811C141A6F2}.Release|Any CPU.ActiveCfg = Release|Any CPU
		{EFDACA09-AB34-4C71-B990-4811C141A6F2}.Release|Any CPU.Build.0 = Release|Any CPU
		{EFDACA09-AB34-4C71-B990-4811C141A6F2}.Release|x64.ActiveCfg = Release|Any CPU
		{EFDACA09-AB34-4C71-B990-4811C141A6F2}.Release|x64.Build.0 = Release|Any CPU
		{EFDACA09-AB34-4C71-B990-4811C141A6F2}.Release|x86.ActiveCfg = Release|Any CPU
		{EFDACA09-AB34-4C71-B990-4811C141A6F2}.Release|x86.Build.0 = Release|Any CPU
	EndGlobalSection
EndGlobal
